// !$*UTF8*$!
{
	archiveVersion = 1;
	classes = {
	};
	objectVersion = 77;
	objects = {

/* Begin PBXContainerItemProxy section */
		CEA8D5722EC59A5B00BDC401 /* PBXContainerItemProxy */ = {
			isa = PBXContainerItemProxy;
			containerPortal = CEA8D5592EC59A5900BDC401 /* Project object */;
			proxyType = 1;
			remoteGlobalIDString = CEA8D5602EC59A5900BDC401;
			remoteInfo = "Tea-machinov";
		};
		CEA8D57C2EC59A5B00BDC401 /* PBXContainerItemProxy */ = {
			isa = PBXContainerItemProxy;
			containerPortal = CEA8D5592EC59A5900BDC401 /* Project object */;
			proxyType = 1;
			remoteGlobalIDString = CEA8D5602EC59A5900BDC401;
			remoteInfo = "Tea-machinov";
		};
/* End PBXContainerItemProxy section */

/* Begin PBXFileReference section */
		CEA8D5612EC59A5900BDC401 /* Tea-machinov.app */ = {isa = PBXFileReference; explicitFileType = wrapper.application; includeInIndex = 0; path = "Tea-machinov.app"; sourceTree = BUILT_PRODUCTS_DIR; };
		CEA8D5712EC59A5B00BDC401 /* Tea-machinovTests.xctest */ = {isa = PBXFileReference; explicitFileType = wrapper.cfbundle; includeInIndex = 0; path = "Tea-machinovTests.xctest"; sourceTree = BUILT_PRODUCTS_DIR; };
		CEA8D57B2EC59A5B00BDC401 /* Tea-machinovUITests.xctest */ = {isa = PBXFileReference; explicitFileType = wrapper.cfbundle; includeInIndex = 0; path = "Tea-machinovUITests.xctest"; sourceTree = BUILT_PRODUCTS_DIR; };
/* End PBXFileReference section */

/* Begin PBXFileSystemSynchronizedRootGroup section */
		CEA8D5632EC59A5900BDC401 /* Tea-machinov */ = {
			isa = PBXFileSystemSynchronizedRootGroup;
			path = "Tea-machinov";
			sourceTree = "<group>";
		};
		CEA8D5742EC59A5B00BDC401 /* Tea-machinovTests */ = {
			isa = PBXFileSystemSynchronizedRootGroup;
			path = "Tea-machinovTests";
			sourceTree = "<group>";
		};
		CEA8D57E2EC59A5B00BDC401 /* Tea-machinovUITests */ = {
			isa = PBXFileSystemSynchronizedRootGroup;
			path = "Tea-machinovUITests";
			sourceTree = "<group>";
		};
/* End PBXFileSystemSynchronizedRootGroup section */

/* Begin PBXFrameworksBuildPhase section */
		CEA8D55E2EC59A5900BDC401 /* Frameworks */ = {
			isa = PBXFrameworksBuildPhase;
			buildActionMask = 2147483647;
			files = (
			);
			runOnlyForDeploymentPostprocessing = 0;
		};
		CEA8D56E2EC59A5B00BDC401 /* Frameworks */ = {
			isa = PBXFrameworksBuildPhase;
			buildActionMask = 2147483647;
			files = (
			);
			runOnlyForDeploymentPostprocessing = 0;
		};
		CEA8D5782EC59A5B00BDC401 /* Frameworks */ = {
			isa = PBXFrameworksBuildPhase;
			buildActionMask = 2147483647;
			files = (
			);
			runOnlyForDeploymentPostprocessing = 0;
		};
/* End PBXFrameworksBuildPhase section */

/* Begin PBXGroup section */
		CEA8D5582EC59A5900BDC401 = {
			isa = PBXGroup;
			children = (
				CEA8D5632EC59A5900BDC401 /* Tea-machinov */,
				CEA8D5742EC59A5B00BDC401 /* Tea-machinovTests */,
				CEA8D57E2EC59A5B00BDC401 /* Tea-machinovUITests */,
				CEA8D5622EC59A5900BDC401 /* Products */,
			);
			sourceTree = "<group>";
		};
		CEA8D5622EC59A5900BDC401 /* Products */ = {
			isa = PBXGroup;
			children = (
				CEA8D5612EC59A5900BDC401 /* Tea-machinov.app */,
				CEA8D5712EC59A5B00BDC401 /* Tea-machinovTests.xctest */,
				CEA8D57B2EC59A5B00BDC401 /* Tea-machinovUITests.xctest */,
			);
			name = Products;
			sourceTree = "<group>";
		};
/* End PBXGroup section */

/* Begin PBXNativeTarget section */
		CEA8D5602EC59A5900BDC401 /* Tea-machinov */ = {
			isa = PBXNativeTarget;
			buildConfigurationList = CEA8D5852EC59A5B00BDC401 /* Build configuration list for PBXNativeTarget "Tea-machinov" */;
			buildPhases = (
				CEA8D55D2EC59A5900BDC401 /* Sources */,
				CEA8D55E2EC59A5900BDC401 /* Frameworks */,
				CEA8D55F2EC59A5900BDC401 /* Resources */,
			);
			buildRules = (
			);
			dependencies = (
			);
			fileSystemSynchronizedGroups = (
				CEA8D5632EC59A5900BDC401 /* Tea-machinov */,
			);
			name = "Tea-machinov";
			packageProductDependencies = (
			);
			productName = "Tea-machinov";
			productReference = CEA8D5612EC59A5900BDC401 /* Tea-machinov.app */;
			productType = "com.apple.product-type.application";
		};
		CEA8D5702EC59A5B00BDC401 /* Tea-machinovTests */ = {
			isa = PBXNativeTarget;
			buildConfigurationList = CEA8D5882EC59A5B00BDC401 /* Build configuration list for PBXNativeTarget "Tea-machinovTests" */;
			buildPhases = (
				CEA8D56D2EC59A5B00BDC401 /* Sources */,
				CEA8D56E2EC59A5B00BDC401 /* Frameworks */,
				CEA8D56F2EC59A5B00BDC401 /* Resources */,
			);
			buildRules = (
			);
			dependencies = (
				CEA8D5732EC59A5B00BDC401 /* PBXTargetDependency */,
			);
			fileSystemSynchronizedGroups = (
				CEA8D5742EC59A5B00BDC401 /* Tea-machinovTests */,
			);
			name = "Tea-machinovTests";
			packageProductDependencies = (
			);
			productName = "Tea-machinovTests";
			productReference = CEA8D5712EC59A5B00BDC401 /* Tea-machinovTests.xctest */;
			productType = "com.apple.product-type.bundle.unit-test";
		};
		CEA8D57A2EC59A5B00BDC401 /* Tea-machinovUITests */ = {
			isa = PBXNativeTarget;
			buildConfigurationList = CEA8D58B2EC59A5B00BDC401 /* Build configuration list for PBXNativeTarget "Tea-machinovUITests" */;
			buildPhases = (
				CEA8D5772EC59A5B00BDC401 /* Sources */,
				CEA8D5782EC59A5B00BDC401 /* Frameworks */,
				CEA8D5792EC59A5B00BDC401 /* Resources */,
			);
			buildRules = (
			);
			dependencies = (
				CEA8D57D2EC59A5B00BDC401 /* PBXTargetDependency */,
			);
			fileSystemSynchronizedGroups = (
				CEA8D57E2EC59A5B00BDC401 /* Tea-machinovUITests */,
			);
			name = "Tea-machinovUITests";
			packageProductDependencies = (
			);
			productName = "Tea-machinovUITests";
			productReference = CEA8D57B2EC59A5B00BDC401 /* Tea-machinovUITests.xctest */;
			productType = "com.apple.product-type.bundle.ui-testing";
		};
/* End PBXNativeTarget section */

/* Begin PBXProject section */
		CEA8D5592EC59A5900BDC401 /* Project object */ = {
			isa = PBXProject;
			attributes = {
				BuildIndependentTargetsInParallel = 1;
				LastSwiftUpdateCheck = 1620;
				LastUpgradeCheck = 1620;
				TargetAttributes = {
					CEA8D5602EC59A5900BDC401 = {
						CreatedOnToolsVersion = 16.2;
					};
					CEA8D5702EC59A5B00BDC401 = {
						CreatedOnToolsVersion = 16.2;
						TestTargetID = CEA8D5602EC59A5900BDC401;
					};
					CEA8D57A2EC59A5B00BDC401 = {
						CreatedOnToolsVersion = 16.2;
						TestTargetID = CEA8D5602EC59A5900BDC401;
					};
				};
			};
			buildConfigurationList = CEA8D55C2EC59A5900BDC401 /* Build configuration list for PBXProject "Tea-machinov" */;
			developmentRegion = en;
			hasScannedForEncodings = 0;
			knownRegions = (
				en,
				Base,
			);
			mainGroup = CEA8D5582EC59A5900BDC401;
			minimizedProjectReferenceProxies = 1;
			preferredProjectObjectVersion = 77;
			productRefGroup = CEA8D5622EC59A5900BDC401 /* Products */;
			projectDirPath = "";
			projectRoot = "";
			targets = (
				CEA8D5602EC59A5900BDC401 /* Tea-machinov */,
				CEA8D5702EC59A5B00BDC401 /* Tea-machinovTests */,
				CEA8D57A2EC59A5B00BDC401 /* Tea-machinovUITests */,
			);
		};
/* End PBXProject section */

/* Begin PBXResourcesBuildPhase section */
		CEA8D55F2EC59A5900BDC401 /* Resources */ = {
			isa = PBXResourcesBuildPhase;
			buildActionMask = 2147483647;
			files = (
			);
			runOnlyForDeploymentPostprocessing = 0;
		};
		CEA8D56F2EC59A5B00BDC401 /* Resources */ = {
			isa = PBXResourcesBuildPhase;
			buildActionMask = 2147483647;
			files = (
			);
			runOnlyForDeploymentPostprocessing = 0;
		};
		CEA8D5792EC59A5B00BDC401 /* Resources */ = {
			isa = PBXResourcesBuildPhase;
			buildActionMask = 2147483647;
			files = (
			);
			runOnlyForDeploymentPostprocessing = 0;
		};
/* End PBXResourcesBuildPhase section */

/* Begin PBXSourcesBuildPhase section */
		CEA8D55D2EC59A5900BDC401 /* Sources */ = {
			isa = PBXSourcesBuildPhase;
			buildActionMask = 2147483647;
			files = (
			);
			runOnlyForDeploymentPostprocessing = 0;
		};
		CEA8D56D2EC59A5B00BDC401 /* Sources */ = {
			isa = PBXSourcesBuildPhase;
			buildActionMask = 2147483647;
			files = (
			);
			runOnlyForDeploymentPostprocessing = 0;
		};
		CEA8D5772EC59A5B00BDC401 /* Sources */ = {
			isa = PBXSourcesBuildPhase;
			buildActionMask = 2147483647;
			files = (
			);
			runOnlyForDeploymentPostprocessing = 0;
		};
/* End PBXSourcesBuildPhase section */

/* Begin PBXTargetDependency section */
		CEA8D5732EC59A5B00BDC401 /* PBXTargetDependency */ = {
			isa = PBXTargetDependency;
			target = CEA8D5602EC59A5900BDC401 /* Tea-machinov */;
			targetProxy = CEA8D5722EC59A5B00BDC401 /* PBXContainerItemProxy */;
		};
		CEA8D57D2EC59A5B00BDC401 /* PBXTargetDependency */ = {
			isa = PBXTargetDependency;
			target = CEA8D5602EC59A5900BDC401 /* Tea-machinov */;
			targetProxy = CEA8D57C2EC59A5B00BDC401 /* PBXContainerItemProxy */;
		};
/* End PBXTargetDependency section */

/* Begin XCBuildConfiguration section */
		CEA8D5832EC59A5B00BDC401 /* Debug */ = {
			isa = XCBuildConfiguration;
			buildSettings = {
				ALWAYS_SEARCH_USER_PATHS = NO;
				ASSETCATALOG_COMPILER_GENERATE_SWIFT_ASSET_SYMBOL_EXTENSIONS = YES;
				CLANG_ANALYZER_NONNULL = YES;
				CLANG_ANALYZER_NUMBER_OBJECT_CONVERSION = YES_AGGRESSIVE;
				CLANG_CXX_LANGUAGE_STANDARD = "gnu++20";
				CLANG_ENABLE_MODULES = YES;
				CLANG_ENABLE_OBJC_ARC = YES;
				CLANG_ENABLE_OBJC_WEAK = YES;
				CLANG_WARN_BLOCK_CAPTURE_AUTORELEASING = YES;
				CLANG_WARN_BOOL_CONVERSION = YES;
				CLANG_WARN_COMMA = YES;
				CLANG_WARN_CONSTANT_CONVERSION = YES;
				CLANG_WARN_DEPRECATED_OBJC_IMPLEMENTATIONS = YES;
				CLANG_WARN_DIRECT_OBJC_ISA_USAGE = YES_ERROR;
				CLANG_WARN_DOCUMENTATION_COMMENTS = YES;
				CLANG_WARN_EMPTY_BODY = YES;
				CLANG_WARN_ENUM_CONVERSION = YES;
				CLANG_WARN_INFINITE_RECURSION = YES;
				CLANG_WARN_INT_CONVERSION = YES;
				CLANG_WARN_NON_LITERAL_NULL_CONVERSION = YES;
				CLANG_WARN_OBJC_IMPLICIT_RETAIN_SELF = YES;
				CLANG_WARN_OBJC_LITERAL_CONVERSION = YES;
				CLANG_WARN_OBJC_ROOT_CLASS = YES_ERROR;
				CLANG_WARN_QUOTED_INCLUDE_IN_FRAMEWORK_HEADER = YES;
				CLANG_WARN_RANGE_LOOP_ANALYSIS = YES;
				CLANG_WARN_STRICT_PROTOTYPES = YES;
				CLANG_WARN_SUSPICIOUS_MOVE = YES;
				CLANG_WARN_UNGUARDED_AVAILABILITY = YES_AGGRESSIVE;
				CLANG_WARN_UNREACHABLE_CODE = YES;
				CLANG_WARN__DUPLICATE_METHOD_MATCH = YES;
				COPY_PHASE_STRIP = NO;
				DEBUG_INFORMATION_FORMAT = dwarf;
				ENABLE_STRICT_OBJC_MSGSEND = YES;
				ENABLE_TESTABILITY = YES;
				ENABLE_USER_SCRIPT_SANDBOXING = YES;
				GCC_C_LANGUAGE_STANDARD = gnu17;
				GCC_DYNAMIC_NO_PIC = NO;
				GCC_NO_COMMON_BLOCKS = YES;
				GCC_OPTIMIZATION_LEVEL = 0;
				GCC_PREPROCESSOR_DEFINITIONS = (
					"DEBUG=1",
					"$(inherited)",
				);
				GCC_WARN_64_TO_32_BIT_CONVERSION = YES;
				GCC_WARN_ABOUT_RETURN_TYPE = YES_ERROR;
				GCC_WARN_UNDECLARED_SELECTOR = YES;
				GCC_WARN_UNINITIALIZED_AUTOS = YES_AGGRESSIVE;
				GCC_WARN_UNUSED_FUNCTION = YES;
				GCC_WARN_UNUSED_VARIABLE = YES;
				IPHONEOS_DEPLOYMENT_TARGET = 18.2;
				LOCALIZATION_PREFERS_STRING_CATALOGS = YES;
				MTL_ENABLE_DEBUG_INFO = INCLUDE_SOURCE;
				MTL_FAST_MATH = YES;
				ONLY_ACTIVE_ARCH = YES;
				SDKROOT = iphoneos;
				SWIFT_ACTIVE_COMPILATION_CONDITIONS = "DEBUG $(inherited)";
				SWIFT_OPTIMIZATION_LEVEL = "-Onone";
			};
			name = Debug;
		};
		CEA8D5842EC59A5B00BDC401 /* Release */ = {
			isa = XCBuildConfiguration;
			buildSettings = {
				ALWAYS_SEARCH_USER_PATHS = NO;
				ASSETCATALOG_COMPILER_GENERATE_SWIFT_ASSET_SYMBOL_EXTENSIONS = YES;
				CLANG_ANALYZER_NONNULL = YES;
				CLANG_ANALYZER_NUMBER_OBJECT_CONVERSION = YES_AGGRESSIVE;
				CLANG_CXX_LANGUAGE_STANDARD = "gnu++20";
				CLANG_ENABLE_MODULES = YES;
				CLANG_ENABLE_OBJC_ARC = YES;
				CLANG_ENABLE_OBJC_WEAK = YES;
				CLANG_WARN_BLOCK_CAPTURE_AUTORELEASING = YES;
				CLANG_WARN_BOOL_CONVERSION = YES;
				CLANG_WARN_COMMA = YES;
				CLANG_WARN_CONSTANT_CONVERSION = YES;
				CLANG_WARN_DEPRECATED_OBJC_IMPLEMENTATIONS = YES;
				CLANG_WARN_DIRECT_OBJC_ISA_USAGE = YES_ERROR;
				CLANG_WARN_DOCUMENTATION_COMMENTS = YES;
				CLANG_WARN_EMPTY_BODY = YES;
				CLANG_WARN_ENUM_CONVERSION = YES;
				CLANG_WARN_INFINITE_RECURSION = YES;
				CLANG_WARN_INT_CONVERSION = YES;
				CLANG_WARN_NON_LITERAL_NULL_CONVERSION = YES;
				CLANG_WARN_OBJC_IMPLICIT_RETAIN_SELF = YES;
				CLANG_WARN_OBJC_LITERAL_CONVERSION = YES;
				CLANG_WARN_OBJC_ROOT_CLASS = YES_ERROR;
				CLANG_WARN_QUOTED_INCLUDE_IN_FRAMEWORK_HEADER = YES;
				CLANG_WARN_RANGE_LOOP_ANALYSIS = YES;
				CLANG_WARN_STRICT_PROTOTYPES = YES;
				CLANG_WARN_SUSPICIOUS_MOVE = YES;
				CLANG_WARN_UNGUARDED_AVAILABILITY = YES_AGGRESSIVE;
				CLANG_WARN_UNREACHABLE_CODE = YES;
				CLANG_WARN__DUPLICATE_METHOD_MATCH = YES;
				COPY_PHASE_STRIP = NO;
				DEBUG_INFORMATION_FORMAT = "dwarf-with-dsym";
				ENABLE_NS_ASSERTIONS = NO;
				ENABLE_STRICT_OBJC_MSGSEND = YES;
				ENABLE_USER_SCRIPT_SANDBOXING = YES;
				GCC_C_LANGUAGE_STANDARD = gnu17;
				GCC_NO_COMMON_BLOCKS = YES;
				GCC_WARN_64_TO_32_BIT_CONVERSION = YES;
				GCC_WARN_ABOUT_RETURN_TYPE = YES_ERROR;
				GCC_WARN_UNDECLARED_SELECTOR = YES;
				GCC_WARN_UNINITIALIZED_AUTOS = YES_AGGRESSIVE;
				GCC_WARN_UNUSED_FUNCTION = YES;
				GCC_WARN_UNUSED_VARIABLE = YES;
				IPHONEOS_DEPLOYMENT_TARGET = 18.2;
				LOCALIZATION_PREFERS_STRING_CATALOGS = YES;
				MTL_ENABLE_DEBUG_INFO = NO;
				MTL_FAST_MATH = YES;
				SDKROOT = iphoneos;
				SWIFT_COMPILATION_MODE = wholemodule;
				VALIDATE_PRODUCT = YES;
			};
			name = Release;
		};
		CEA8D5862EC59A5B00BDC401 /* Debug */ = {
			isa = XCBuildConfiguration;
			buildSettings = {
				ASSETCATALOG_COMPILER_APPICON_NAME = AppIcon;
				ASSETCATALOG_COMPILER_GLOBAL_ACCENT_COLOR_NAME = AccentColor;
				CODE_SIGN_STYLE = Automatic;
				CURRENT_PROJECT_VERSION = 1;
				DEVELOPMENT_ASSET_PATHS = "\"Tea-machinov/Preview Content\"";
				DEVELOPMENT_TEAM = 259989PNFQ;
				ENABLE_PREVIEWS = YES;
				GENERATE_INFOPLIST_FILE = YES;
				INFOPLIST_KEY_LSApplicationCategoryType = "public.app-category.education";
				INFOPLIST_KEY_UIApplicationSceneManifest_Generation = YES;
				INFOPLIST_KEY_UIApplicationSupportsIndirectInputEvents = YES;
				INFOPLIST_KEY_UILaunchScreen_Generation = YES;
				INFOPLIST_KEY_UISupportedInterfaceOrientations_iPad = "UIInterfaceOrientationPortrait UIInterfaceOrientationPortraitUpsideDown UIInterfaceOrientationLandscapeLeft UIInterfaceOrientationLandscapeRight";
				INFOPLIST_KEY_UISupportedInterfaceOrientations_iPhone = "UIInterfaceOrientationPortrait UIInterfaceOrientationLandscapeLeft UIInterfaceOrientationLandscapeRight";
				IPHONEOS_DEPLOYMENT_TARGET = 16.3;
				LD_RUNPATH_SEARCH_PATHS = (
					"$(inherited)",
					"@executable_path/Frameworks",
				);
				MARKETING_VERSION = 1.0;
				PRODUCT_BUNDLE_IDENTIFIER = "ru.vsu.cs.Tea-machinov";
				PRODUCT_NAME = "$(TARGET_NAME)";
				SWIFT_EMIT_LOC_STRINGS = YES;
				SWIFT_VERSION = 5.0;
				TARGETED_DEVICE_FAMILY = "1,2";
			};
			name = Debug;
		};
		CEA8D5872EC59A5B00BDC401 /* Release */ = {
			isa = XCBuildConfiguration;
			buildSettings = {
				ASSETCATALOG_COMPILER_APPICON_NAME = AppIcon;
				ASSETCATALOG_COMPILER_GLOBAL_ACCENT_COLOR_NAME = AccentColor;
				CODE_SIGN_STYLE = Automatic;
				CURRENT_PROJECT_VERSION = 1;
				DEVELOPMENT_ASSET_PATHS = "\"Tea-machinov/Preview Content\"";
				DEVELOPMENT_TEAM = 259989PNFQ;
				ENABLE_PREVIEWS = YES;
				GENERATE_INFOPLIST_FILE = YES;
				INFOPLIST_KEY_LSApplicationCategoryType = "public.app-category.education";
				INFOPLIST_KEY_UIApplicationSceneManifest_Generation = YES;
				INFOPLIST_KEY_UIApplicationSupportsIndirectInputEvents = YES;
				INFOPLIST_KEY_UILaunchScreen_Generation = YES;
				INFOPLIST_KEY_UISupportedInterfaceOrientations_iPad = "UIInterfaceOrientationPortrait UIInterfaceOrientationPortraitUpsideDown UIInterfaceOrientationLandscapeLeft UIInterfaceOrientationLandscapeRight";
				INFOPLIST_KEY_UISupportedInterfaceOrientations_iPhone = "UIInterfaceOrientationPortrait UIInterfaceOrientationLandscapeLeft UIInterfaceOrientationLandscapeRight";
				IPHONEOS_DEPLOYMENT_TARGET = 16.3;
				LD_RUNPATH_SEARCH_PATHS = (
					"$(inherited)",
					"@executable_path/Frameworks",
				);
				MARKETING_VERSION = 1.0;
				PRODUCT_BUNDLE_IDENTIFIER = "ru.vsu.cs.Tea-machinov";
				PRODUCT_NAME = "$(TARGET_NAME)";
				SWIFT_EMIT_LOC_STRINGS = YES;
				SWIFT_VERSION = 5.0;
				TARGETED_DEVICE_FAMILY = "1,2";
			};
			name = Release;
		};
		CEA8D5892EC59A5B00BDC401 /* Debug */ = {
			isa = XCBuildConfiguration;
			buildSettings = {
				BUNDLE_LOADER = "$(TEST_HOST)";
				CODE_SIGN_STYLE = Automatic;
				CURRENT_PROJECT_VERSION = 1;
				GENERATE_INFOPLIST_FILE = YES;
				IPHONEOS_DEPLOYMENT_TARGET = 18.2;
				MARKETING_VERSION = 1.0;
				PRODUCT_BUNDLE_IDENTIFIER = "ru.vsu.cs.Tea-machinovTests";
				PRODUCT_NAME = "$(TARGET_NAME)";
				SWIFT_EMIT_LOC_STRINGS = NO;
				SWIFT_VERSION = 5.0;
				TARGETED_DEVICE_FAMILY = "1,2";
				TEST_HOST = "$(BUILT_PRODUCTS_DIR)/Tea-machinov.app/$(BUNDLE_EXECUTABLE_FOLDER_PATH)/Tea-machinov";
			};
			name = Debug;
		};
		CEA8D58A2EC59A5B00BDC401 /* Release */ = {
			isa = XCBuildConfiguration;
			buildSettings = {
				BUNDLE_LOADER = "$(TEST_HOST)";
				CODE_SIGN_STYLE = Automatic;
				CURRENT_PROJECT_VERSION = 1;
				GENERATE_INFOPLIST_FILE = YES;
				IPHONEOS_DEPLOYMENT_TARGET = 18.2;
				MARKETING_VERSION = 1.0;
				PRODUCT_BUNDLE_IDENTIFIER = "ru.vsu.cs.Tea-machinovTests";
				PRODUCT_NAME = "$(TARGET_NAME)";
				SWIFT_EMIT_LOC_STRINGS = NO;
				SWIFT_VERSION = 5.0;
				TARGETED_DEVICE_FAMILY = "1,2";
				TEST_HOST = "$(BUILT_PRODUCTS_DIR)/Tea-machinov.app/$(BUNDLE_EXECUTABLE_FOLDER_PATH)/Tea-machinov";
			};
			name = Release;
		};
		CEA8D58C2EC59A5B00BDC401 /* Debug */ = {
			isa = XCBuildConfiguration;
			buildSettings = {
				CODE_SIGN_STYLE = Automatic;
				CURRENT_PROJECT_VERSION = 1;
				GENERATE_INFOPLIST_FILE = YES;
				MARKETING_VERSION = 1.0;
				PRODUCT_BUNDLE_IDENTIFIER = "ru.vsu.cs.Tea-machinovUITests";
				PRODUCT_NAME = "$(TARGET_NAME)";
				SWIFT_EMIT_LOC_STRINGS = NO;
				SWIFT_VERSION = 5.0;
				TARGETED_DEVICE_FAMILY = "1,2";
				TEST_TARGET_NAME = "Tea-machinov";
			};
			name = Debug;
		};
		CEA8D58D2EC59A5B00BDC401 /* Release */ = {
			isa = XCBuildConfiguration;
			buildSettings = {
				CODE_SIGN_STYLE = Automatic;
				CURRENT_PROJECT_VERSION = 1;
				GENERATE_INFOPLIST_FILE = YES;
				MARKETING_VERSION = 1.0;
				PRODUCT_BUNDLE_IDENTIFIER = "ru.vsu.cs.Tea-machinovUITests";
				PRODUCT_NAME = "$(TARGET_NAME)";
				SWIFT_EMIT_LOC_STRINGS = NO;
				SWIFT_VERSION = 5.0;
				TARGETED_DEVICE_FAMILY = "1,2";
				TEST_TARGET_NAME = "Tea-machinov";
			};
			name = Release;
		};
/* End XCBuildConfiguration section */

/* Begin XCConfigurationList section */
		CEA8D55C2EC59A5900BDC401 /* Build configuration list for PBXProject "Tea-machinov" */ = {
			isa = XCConfigurationList;
			buildConfigurations = (
				CEA8D5832EC59A5B00BDC401 /* Debug */,
				CEA8D5842EC59A5B00BDC401 /* Release */,
			);
			defaultConfigurationIsVisible = 0;
			defaultConfigurationName = Release;
		};
		CEA8D5852EC59A5B00BDC401 /* Build configuration list for PBXNativeTarget "Tea-machinov" */ = {
			isa = XCConfigurationList;
			buildConfigurations = (
				CEA8D5862EC59A5B00BDC401 /* Debug */,
				CEA8D5872EC59A5B00BDC401 /* Release */,
			);
			defaultConfigurationIsVisible = 0;
			defaultConfigurationName = Release;
		};
		CEA8D5882EC59A5B00BDC401 /* Build configuration list for PBXNativeTarget "Tea-machinovTests" */ = {
			isa = XCConfigurationList;
			buildConfigurations = (
				CEA8D5892EC59A5B00BDC401 /* Debug */,
				CEA8D58A2EC59A5B00BDC401 /* Release */,
			);
			defaultConfigurationIsVisible = 0;
			defaultConfigurationName = Release;
		};
		CEA8D58B2EC59A5B00BDC401 /* Build configuration list for PBXNativeTarget "Tea-machinovUITests" */ = {
			isa = XCConfigurationList;
			buildConfigurations = (
				CEA8D58C2EC59A5B00BDC401 /* Debug */,
				CEA8D58D2EC59A5B00BDC401 /* Release */,
			);
			defaultConfigurationIsVisible = 0;
			defaultConfigurationName = Release;
		};
/* End XCConfigurationList section */
	};
	rootObject = CEA8D5592EC59A5900BDC401 /* Project object */;
}
